
Microsoft Visual Studio Solution File, Format Version 12.00
# Visual Studio Version 17
VisualStudioVersion = 17.9.34728.123
MinimumVisualStudioVersion = 10.0.40219.1
Project("{9A19103F-16F7-4668-BE54-9A1E7A4F7556}") = "Backend", "Backend.csproj", "{D0A5F26F-B144-434F-B263-5468BB14434B}"
EndProject
Global
	GlobalSection(SolutionConfigurationPlatforms) = preSolution
		Debug|Any CPU = Debug|Any CPU
		Release|Any CPU = Release|Any CPU
	EndGlobalSection
	GlobalSection(ProjectConfigurationPlatforms) = postSolution
		{D0A5F26F-B144-434F-B263-5468BB14434B}.Debug|Any CPU.ActiveCfg = Debug|Any CPU
		{D0A5F26F-B144-434F-B263-5468BB14434B}.Debug|Any CPU.Build.0 = Debug|Any CPU
		{D0A5F26F-B144-434F-B263-5468BB14434B}.Release|Any CPU.ActiveCfg = Release|Any CPU
		{D0A5F26F-B144-434F-B263-5468BB14434B}.Release|Any CPU.Build.0 = Release|Any CPU
	EndGlobalSection
	GlobalSection(SolutionProperties) = preSolution
		HideSolutionNode = FALSE
	EndGlobalSection
	GlobalSection(ExtensibilityGlobals) = postSolution
		SolutionGuid = {D4529CDD-A554-4828-959D-F051A71CA35C}
	EndGlobalSection
EndGlobal
